
Microsoft Visual Studio Solution File, Format Version 12.00
# Visual Studio Version 17
VisualStudioVersion = 17.4.33110.190
MinimumVisualStudioVersion = 10.0.40219.1
Project("{FAE04EC0-301F-11D3-BF4B-00C04F79EFBC}") = "BinaryTree", "BinaryTree\BinaryTree.csproj", "{9CED5F79-2E46-4291-8944-C970FB7B6072}"
EndProject
Project("{FAE04EC0-301F-11D3-BF4B-00C04F79EFBC}") = "Police", "Police\Police.csproj", "{B3F18430-5471-4C1F-ACC8-273025324573}"
EndProject
Project("{FAE04EC0-301F-11D3-BF4B-00C04F79EFBC}") = "Delegates", "Delegates\Delegates.csproj", "{9CC10385-3604-45A3-9B99-7E671A7BA3C2}"
EndProject
Global
	GlobalSection(SolutionConfigurationPlatforms) = preSolution
		Debug|Any CPU = Debug|Any CPU
		Release|Any CPU = Release|Any CPU
	EndGlobalSection
	GlobalSection(ProjectConfigurationPlatforms) = postSolution
		{9CED5F79-2E46-4291-8944-C970FB7B6072}.Debug|Any CPU.ActiveCfg = Debug|Any CPU
		{9CED5F79-2E46-4291-8944-C970FB7B6072}.Debug|Any CPU.Build.0 = Debug|Any CPU
		{9CED5F79-2E46-4291-8944-C970FB7B6072}.Release|Any CPU.ActiveCfg = Release|Any CPU
		{9CED5F79-2E46-4291-8944-C970FB7B6072}.Release|Any CPU.Build.0 = Release|Any CPU
		{B3F18430-5471-4C1F-ACC8-273025324573}.Debug|Any CPU.ActiveCfg = Debug|Any CPU
		{B3F18430-5471-4C1F-ACC8-273025324573}.Debug|Any CPU.Build.0 = Debug|Any CPU
		{B3F18430-5471-4C1F-ACC8-273025324573}.Release|Any CPU.ActiveCfg = Release|Any CPU
		{B3F18430-5471-4C1F-ACC8-273025324573}.Release|Any CPU.Build.0 = Release|Any CPU
		{9CC10385-3604-45A3-9B99-7E671A7BA3C2}.Debug|Any CPU.ActiveCfg = Debug|Any CPU
		{9CC10385-3604-45A3-9B99-7E671A7BA3C2}.Debug|Any CPU.Build.0 = Debug|Any CPU
		{9CC10385-3604-45A3-9B99-7E671A7BA3C2}.Release|Any CPU.ActiveCfg = Release|Any CPU
		{9CC10385-3604-45A3-9B99-7E671A7BA3C2}.Release|Any CPU.Build.0 = Release|Any CPU
	EndGlobalSection
	GlobalSection(SolutionProperties) = preSolution
		HideSolutionNode = FALSE
	EndGlobalSection
	GlobalSection(ExtensibilityGlobals) = postSolution
		SolutionGuid = {C6A2E45E-3188-46CC-A175-46F99F1CD04E}
	EndGlobalSection
EndGlobal
